
Microsoft Visual Studio Solution File, Format Version 12.00
# Visual Studio 15
VisualStudioVersion = 15.0.26430.13
MinimumVisualStudioVersion = 10.0.40219.1
Project("{FAE04EC0-301F-11D3-BF4B-00C04F79EFBC}") = "01.SchoolClasses", "01.SchoolClasses\01.SchoolClasses.csproj", "{F9F53A18-C169-41A0-9A47-2172B72F7081}"
EndProject
Project("{FAE04EC0-301F-11D3-BF4B-00C04F79EFBC}") = "02.StudentsAndWorkers", "02.StudentsAndWorkers\02.StudentsAndWorkers.csproj", "{9184CDE1-5406-4A2F-B93A-B58DC2E913C3}"
EndProject
Project("{FAE04EC0-301F-11D3-BF4B-00C04F79EFBC}") = "03.AnimalHierarchy", "3.AnimalHierarchy\03.AnimalHierarchy.csproj", "{A172DF4B-8E1D-43C7-9ED0-7F8435F93ABA}"
EndProject
Global
	GlobalSection(SolutionConfigurationPlatforms) = preSolution
		Debug|Any CPU = Debug|Any CPU
		Release|Any CPU = Release|Any CPU
	EndGlobalSection
	GlobalSection(ProjectConfigurationPlatforms) = postSolution
		{F9F53A18-C169-41A0-9A47-2172B72F7081}.Debug|Any CPU.ActiveCfg = Debug|Any CPU
		{F9F53A18-C169-41A0-9A47-2172B72F7081}.Debug|Any CPU.Build.0 = Debug|Any CPU
		{F9F53A18-C169-41A0-9A47-2172B72F7081}.Release|Any CPU.ActiveCfg = Release|Any CPU
		{F9F53A18-C169-41A0-9A47-2172B72F7081}.Release|Any CPU.Build.0 = Release|Any CPU
		{9184CDE1-5406-4A2F-B93A-B58DC2E913C3}.Debug|Any CPU.ActiveCfg = Debug|Any CPU
		{9184CDE1-5406-4A2F-B93A-B58DC2E913C3}.Debug|Any CPU.Build.0 = Debug|Any CPU
		{9184CDE1-5406-4A2F-B93A-B58DC2E913C3}.Release|Any CPU.ActiveCfg = Release|Any CPU
		{9184CDE1-5406-4A2F-B93A-B58DC2E913C3}.Release|Any CPU.Build.0 = Release|Any CPU
		{A172DF4B-8E1D-43C7-9ED0-7F8435F93ABA}.Debug|Any CPU.ActiveCfg = Debug|Any CPU
		{A172DF4B-8E1D-43C7-9ED0-7F8435F93ABA}.Debug|Any CPU.Build.0 = Debug|Any CPU
		{A172DF4B-8E1D-43C7-9ED0-7F8435F93ABA}.Release|Any CPU.ActiveCfg = Release|Any CPU
		{A172DF4B-8E1D-43C7-9ED0-7F8435F93ABA}.Release|Any CPU.Build.0 = Release|Any CPU
	EndGlobalSection
	GlobalSection(SolutionProperties) = preSolution
		HideSolutionNode = FALSE
	EndGlobalSection
EndGlobal
